<?xml version="1.0" encoding="utf-8"?>
<Project ToolsVersion="4.0" xmlns="http://schemas.microsoft.com/developer/msbuild/2003">
  <ItemGroup>
    <Filter Include="Source Files">
      <UniqueIdentifier>{4FC737F1-C7A5-4376-A066-2A32D752A2FF}</UniqueIdentifier>
      <Extensions>cpp;c;cc;cxx;def;odl;idl;hpj;bat;asm;asmx</Extensions>
    </Filter>
    <Filter Include="Header Files">
      <UniqueIdentifier>{93995380-89BD-4b04-88EB-625FBE52EBFB}</UniqueIdentifier>
      <Extensions>h;hh;hpp;hxx;hm;inl;inc;xsd</Extensions>
    </Filter>
    <Filter Include="Resource Files">
      <UniqueIdentifier>{67DA6AB6-F800-4c08-8B7A-83BB121AAD01}</UniqueIdentifier>
      <Extensions>rc;ico;cur;bmp;dlg;rc2;rct;bin;rgs;gif;jpg;jpeg;jpe;resx;tiff;tif;png;wav;mfcribbon-ms</Extensions>
    </Filter>
    <Filter Include="Header Files\Screens">
      <UniqueIdentifier>{1c06444d-5957-421a-ac6a-7dcc9587e207}</UniqueIdentifier>
    </Filter>
    <Filter Include="Header Files\Components">
      <UniqueIdentifier>{b8ce9080-45f6-429b-a134-7fcc03744218}</UniqueIdentifier>
    </Filter>
    <Filter Include="Header Files\Components\Buttons">
      <UniqueIdentifier>{64006522-177a-4000-a024-19ff725e22ec}</UniqueIdentifier>
    </Filter>
    <Filter Include="Header Files\Others">
      <UniqueIdentifier>{a00d86ca-465c-48f3-a2be-e377d644d461}</UniqueIdentifier>
    </Filter>
    <Filter Include="Header Files\Components\LoaderBars">
      <UniqueIdentifier>{4327a052-9d57-4649-85d3-544bcb70ca51}</UniqueIdentifier>
    </Filter>
    <Filter Include="Header Files\Components\Game">
      <UniqueIdentifier>{ecb2a673-3e07-4fd4-a440-17652f6b4937}</UniqueIdentifier>
    </Filter>
  </ItemGroup>
  <ItemGroup>
    <ClCompile Include="main.cpp">
      <Filter>Source Files</Filter>
    </ClCompile>
    <ClCompile Include="TanksAppManager.cpp">
      <Filter>Source Files</Filter>
    </ClCompile>
    <ClCompile Include="GameManager.cpp">
      <Filter>Source Files</Filter>
    </ClCompile>
    <ClCompile Include="MainScreen.cpp">
      <Filter>Source Files</Filter>
    </ClCompile>
  </ItemGroup>
  <ItemGroup>
    <ClInclude Include="Exceptions.h">
      <Filter>Header Files</Filter>
    </ClInclude>
    <ClInclude Include="MainScreen.h">
      <Filter>Header Files\Screens</Filter>
    </ClInclude>
    <ClInclude Include="GameScreenable.h">
      <Filter>Header Files\Screens</Filter>
    </ClInclude>
    <ClInclude Include="BaseComponent.h">
      <Filter>Header Files\Components</Filter>
    </ClInclude>
    <ClInclude Include="BaseButton.h">
      <Filter>Header Files\Components\Buttons</Filter>
    </ClInclude>
    <ClInclude Include="BasicStructures.h">
      <Filter>Header Files\Others</Filter>
    </ClInclude>
    <ClInclude Include="Landscape.h">
      <Filter>Header Files\Components\Game</Filter>
    </ClInclude>
    <ClInclude Include="Tank.h">
      <Filter>Header Files\Components\Game</Filter>
    </ClInclude>
    <ClInclude Include="GameScreen.h">
      <Filter>Header Files\Screens</Filter>
    </ClInclude>
    <ClInclude Include="GameBaseComponent.h">
      <Filter>Header Files\Components\Game</Filter>
    </ClInclude>
    <ClInclude Include="GameManager.h">
      <Filter>Header Files</Filter>
    </ClInclude>
    <ClInclude Include="TanksAppManager.h">
      <Filter>Header Files</Filter>
    </ClInclude>
    <ClInclude Include="Fireball.h">
      <Filter>Header Files\Components\Game</Filter>
    </ClInclude>
    <ClInclude Include="Player.h">
      <Filter>Header Files\Components\Game</Filter>
    </ClInclude>
    <ClInclude Include="NewGameScreen.h">
      <Filter>Header Files\Screens</Filter>
    </ClInclude>
    <ClInclude Include="BasicStaticScreen.h">
      <Filter>Header Files\Screens</Filter>
    </ClInclude>
  </ItemGroup>
  <ItemGroup>
    <Font Include="font.ttf" />
  </ItemGroup>
</Project>